
Microsoft Visual Studio Solution File, Format Version 12.00
# Visual Studio Version 17
VisualStudioVersion = 17.12.35728.132 d17.12
MinimumVisualStudioVersion = 10.0.40219.1
Project("{FAE04EC0-301F-11D3-BF4B-00C04F79EFBC}") = "Authentication.API", "Authentication.API.csproj", "{23DF4857-9CE0-4F72-8313-8BBCB7A9CD85}"
EndProject
Project("{FAE04EC0-301F-11D3-BF4B-00C04F79EFBC}") = "Authentication.Domain", "..\Authentication.Domain\Authentication.Domain.csproj", "{B90D4FBC-2818-4B33-99AC-61BC3DAD1909}"
EndProject
Project("{FAE04EC0-301F-11D3-BF4B-00C04F79EFBC}") = "Authentication.Application", "..\Authentication.Application\Authentication.Application.csproj", "{9CEEA4DF-6509-4A38-B411-2D96FC00A71A}"
EndProject
Project("{FAE04EC0-301F-11D3-BF4B-00C04F79EFBC}") = "Authentication.Infrastructure", "..\Authentication.Infrastructure\Authentication.Infrastructure.csproj", "{BAEB145A-75CE-402A-8B10-DBD9851CF954}"
EndProject
Global
	GlobalSection(SolutionConfigurationPlatforms) = preSolution
		Debug|Any CPU = Debug|Any CPU
		Release|Any CPU = Release|Any CPU
	EndGlobalSection
	GlobalSection(ProjectConfigurationPlatforms) = postSolution
		{23DF4857-9CE0-4F72-8313-8BBCB7A9CD85}.Debug|Any CPU.ActiveCfg = Debug|Any CPU
		{23DF4857-9CE0-4F72-8313-8BBCB7A9CD85}.Debug|Any CPU.Build.0 = Debug|Any CPU
		{23DF4857-9CE0-4F72-8313-8BBCB7A9CD85}.Release|Any CPU.ActiveCfg = Release|Any CPU
		{23DF4857-9CE0-4F72-8313-8BBCB7A9CD85}.Release|Any CPU.Build.0 = Release|Any CPU
		{B90D4FBC-2818-4B33-99AC-61BC3DAD1909}.Debug|Any CPU.ActiveCfg = Debug|Any CPU
		{B90D4FBC-2818-4B33-99AC-61BC3DAD1909}.Debug|Any CPU.Build.0 = Debug|Any CPU
		{B90D4FBC-2818-4B33-99AC-61BC3DAD1909}.Release|Any CPU.ActiveCfg = Release|Any CPU
		{B90D4FBC-2818-4B33-99AC-61BC3DAD1909}.Release|Any CPU.Build.0 = Release|Any CPU
		{9CEEA4DF-6509-4A38-B411-2D96FC00A71A}.Debug|Any CPU.ActiveCfg = Debug|Any CPU
		{9CEEA4DF-6509-4A38-B411-2D96FC00A71A}.Debug|Any CPU.Build.0 = Debug|Any CPU
		{9CEEA4DF-6509-4A38-B411-2D96FC00A71A}.Release|Any CPU.ActiveCfg = Release|Any CPU
		{9CEEA4DF-6509-4A38-B411-2D96FC00A71A}.Release|Any CPU.Build.0 = Release|Any CPU
		{BAEB145A-75CE-402A-8B10-DBD9851CF954}.Debug|Any CPU.ActiveCfg = Debug|Any CPU
		{BAEB145A-75CE-402A-8B10-DBD9851CF954}.Debug|Any CPU.Build.0 = Debug|Any CPU
		{BAEB145A-75CE-402A-8B10-DBD9851CF954}.Release|Any CPU.ActiveCfg = Release|Any CPU
		{BAEB145A-75CE-402A-8B10-DBD9851CF954}.Release|Any CPU.Build.0 = Release|Any CPU
	EndGlobalSection
	GlobalSection(SolutionProperties) = preSolution
		HideSolutionNode = FALSE
	EndGlobalSection
EndGlobal
